{
  "object": {
    "pins": [
      {
        "package": "PromiseKit",
        "repositoryURL": "https://github.com/mxcl/PromiseKit.git",
        "state": {
          "branch": null,
          "revision": "dc04daa3c7e9d9585dc3e9d06b1295de0fb14901",
          "version": "7.0.0-rc2"
        }
      }
    ]
  },
  "version": 1
}
